{
	"name": "mmm",
	"version": "0.0.1",
	"lockfileVersion": 1,
	"requires": true,
	"dependencies": {
		"babel-jest": {
			"version": "20.0.3",
			"resolved": "https://registry.npmjs.org/babel-jest/-/babel-jest-20.0.3.tgz",
			"integrity": "sha1-5KA7E9wQOJ4UD8ZF0J/8TO0wFnE=",
			"dev": true
		},
		"babel-preset-react-native": {
			"version": "2.1.0",
			"resolved": "https://registry.npmjs.org/babel-preset-react-native/-/babel-preset-react-native-2.1.0.tgz",
			"integrity": "sha1-kBPr2C2hyIECv1iIEP9Z4gnKK4o=",
			"dev": true
		},
		"jest": {
			"version": "20.0.4",
			"resolved": "https://registry.npmjs.org/jest/-/jest-20.0.4.tgz",
			"integrity": "sha1-PdJgwpidba1nix6cxNkZRPbWAqw=",
			"dev": true,
			"dependencies": {
				"jest-cli": {
					"version": "20.0.4",
					"resolved": "https://registry.npmjs.org/jest-cli/-/jest-cli-20.0.4.tgz",
					"integrity": "sha1-5TKxnYiuW8bEF+iwWTpv6VSx3JM="
				}
			}
		},
		"react": {
			"version": "16.0.0-alpha.12",
			"resolved": "https://registry.npmjs.org/react/-/react-16.0.0-alpha.12.tgz",
			"integrity": "sha1-jFlIUoFIXfMZtvd2gtjdBiHAgZQ="
		},
		"react-native": {
			"version": "0.47.0",
			"resolved": "https://registry.npmjs.org/react-native/-/react-native-0.47.0.tgz",
			"integrity": "sha1-PBf6Z6Hhm1940z+r5/5wlvLtaEE=",
			"dependencies": {
				"bser": {
					"version": "1.0.3",
					"resolved": "https://registry.npmjs.org/bser/-/bser-1.0.3.tgz",
					"integrity": "sha1-1j2hnuFzMKDiYNKjRCKyGolSAxc="
				},
				"camelcase": {
					"version": "3.0.0",
					"resolved": "https://registry.npmjs.org/camelcase/-/camelcase-3.0.0.tgz",
					"integrity": "sha1-MvxLn82vhF/N9+c7uXysImHwqwo="
				},
				"cliui": {
					"version": "3.2.0",
					"resolved": "https://registry.npmjs.org/cliui/-/cliui-3.2.0.tgz",
					"integrity": "sha1-EgYBU3qRbSmUD5NNo7SNWFo5IT0="
				},
				"fbjs": {
					"version": "0.8.12",
					"resolved": "https://registry.npmjs.org/fbjs/-/fbjs-0.8.12.tgz",
					"integrity": "sha1-ELXZL3bUVXX9Y6IX1OoCvqL47QQ=",
					"dependencies": {
						"core-js": {
							"version": "1.2.7",
							"resolved": "https://registry.npmjs.org/core-js/-/core-js-1.2.7.tgz",
							"integrity": "sha1-ZSKUwUZR2yj6k70tX/KYOk8IxjY="
						}
					}
				},
				"jest-docblock": {
					"version": "20.1.0-delta.5",
					"resolved": "https://registry.npmjs.org/jest-docblock/-/jest-docblock-20.1.0-delta.5.tgz",
					"integrity": "sha512-0jtoJ+5CN8EJ/0+LHNEwEFYiwW2C1HtkMF/zfb5TKA6pj8QD5UuD3cr4x0o7bXl6n9Wly/RavOeIdhOYIquyPg=="
				},
				"jest-haste-map": {
					"version": "20.1.0-alpha.3",
					"resolved": "https://registry.npmjs.org/jest-haste-map/-/jest-haste-map-20.1.0-alpha.3.tgz",
					"integrity": "sha512-3df1aahjWeK6pcpahjbZpa4zz6aE4DwDZE8/vB9IWHB9Lvnj2fHFovxMRAr32vWKPQ6VTzwNhI4nCuolQGGXPw==",
					"dependencies": {
						"sane": {
							"version": "2.0.0",
							"resolved": "https://registry.npmjs.org/sane/-/sane-2.0.0.tgz",
							"integrity": "sha1-mct58h9KU6adTQzZV8LbBAJLjrI="
						}
					}
				},
				"json5": {
					"version": "0.4.0",
					"resolved": "https://registry.npmjs.org/json5/-/json5-0.4.0.tgz",
					"integrity": "sha1-BUNS5MTIDIbAkjh31EneF2pzLI0="
				},
				"mime-db": {
					"version": "1.23.0",
					"resolved": "https://registry.npmjs.org/mime-db/-/mime-db-1.23.0.tgz",
					"integrity": "sha1-oxtAcK2uon1zLqMzdApk0OyaZlk="
				},
				"mime-types": {
					"version": "2.1.11",
					"resolved": "https://registry.npmjs.org/mime-types/-/mime-types-2.1.11.tgz",
					"integrity": "sha1-wlnEcb2oCKhdbNGTtDCl+uRHOzw="
				},
				"minimist": {
					"version": "1.2.0",
					"resolved": "https://registry.npmjs.org/minimist/-/minimist-1.2.0.tgz",
					"integrity": "sha1-o1AIsg9BOD7sH7kU9M1d95omQoQ="
				},
				"pretty-format": {
					"version": "4.3.1",
					"resolved": "https://registry.npmjs.org/pretty-format/-/pretty-format-4.3.1.tgz",
					"integrity": "sha1-UwvlxCs8BbNkFKeipDN6qArNDo0="
				},
				"regenerator-runtime": {
					"version": "0.9.6",
					"resolved": "https://registry.npmjs.org/regenerator-runtime/-/regenerator-runtime-0.9.6.tgz",
					"integrity": "sha1-0z65XQ0gAaS+OWWXB8UbDLcc4Ck="
				},
				"sane": {
					"version": "1.4.1",
					"resolved": "https://registry.npmjs.org/sane/-/sane-1.4.1.tgz",
					"integrity": "sha1-iPdj10BA9fDCVrYWPbOZvxEKxxU=",
					"dependencies": {
						"bser": {
							"version": "1.0.2",
							"resolved": "https://registry.npmjs.org/bser/-/bser-1.0.2.tgz",
							"integrity": "sha1-OBEWlwsqbe6lZG3RXdcnhES1YWk="
						},
						"fb-watchman": {
							"version": "1.9.2",
							"resolved": "https://registry.npmjs.org/fb-watchman/-/fb-watchman-1.9.2.tgz",
							"integrity": "sha1-okz0eCf4LTj7Waaa1wt247auc4M="
						}
					}
				},
				"whatwg-fetch": {
					"version": "1.1.1",
					"resolved": "https://registry.npmjs.org/whatwg-fetch/-/whatwg-fetch-1.1.1.tgz",
					"integrity": "sha1-rDydOfMgxtzlM5lp0FTvQ90zMxk="
				},
				"wordwrap": {
					"version": "1.0.0",
					"resolved": "https://registry.npmjs.org/wordwrap/-/wordwrap-1.0.0.tgz",
					"integrity": "sha1-J1hIEIkUVqQXHI0CJkQa3pDLyus="
				},
				"yargs": {
					"version": "6.6.0",
					"resolved": "https://registry.npmjs.org/yargs/-/yargs-6.6.0.tgz",
					"integrity": "sha1-eC7CHvQDNF+DCoCMo9UTr1YGUgg="
				},
				"yargs-parser": {
					"version": "4.2.1",
					"resolved": "https://registry.npmjs.org/yargs-parser/-/yargs-parser-4.2.1.tgz",
					"integrity": "sha1-KczqwNxPA8bIe0qfIX3RjJ90hxw="
				}
			}
		},
		"react-native-code-push": {
			"version": "5.0.0-beta",
			"resolved": "https://registry.npmjs.org/react-native-code-push/-/react-native-code-push-5.0.0-beta.tgz",
			"integrity": "sha512-AD2KwIpKV5Z5M1MJN2VLSiCPZoaPIH3etYakZK1TV7klO08C59hWzHk1td5IksTzp/Yf4Req3lIRax/qhA6ovg==",
			"dependencies": {
				"bplist-creator": {
					"version": "0.0.4",
					"resolved": "https://registry.npmjs.org/bplist-creator/-/bplist-creator-0.0.4.tgz",
					"integrity": "sha1-SsBJZ4LhJ6hcHSAmpPXrIqev+ZE="
				},
				"bplist-parser": {
					"version": "0.0.6",
					"resolved": "https://registry.npmjs.org/bplist-parser/-/bplist-parser-0.0.6.tgz",
					"integrity": "sha1-ONo0cYF9+dRKs4kuJ3B7u9daEbk="
				},
				"cli-cursor": {
					"version": "1.0.2",
					"resolved": "https://registry.npmjs.org/cli-cursor/-/cli-cursor-1.0.2.tgz",
					"integrity": "sha1-ZNo/fValRBLll5S9Ytw1KV6PKYc="
				},
				"external-editor": {
					"version": "1.1.1",
					"resolved": "https://registry.npmjs.org/external-editor/-/external-editor-1.1.1.tgz",
					"integrity": "sha1-Etew24UPf/fnCBuvQAVwAGDEYAs="
				},
				"figures": {
					"version": "1.7.0",
					"resolved": "https://registry.npmjs.org/figures/-/figures-1.7.0.tgz",
					"integrity": "sha1-y+Hjr/zxzUS4DK3+0o3Hk6lwHS4="
				},
				"glob": {
					"version": "5.0.15",
					"resolved": "https://registry.npmjs.org/glob/-/glob-5.0.15.tgz",
					"integrity": "sha1-G8k2ueAvSmA/zCIuz3Yz0wuLk7E="
				},
				"inquirer": {
					"version": "1.1.2",
					"resolved": "https://registry.npmjs.org/inquirer/-/inquirer-1.1.2.tgz",
					"integrity": "sha1-rDul8GuOcpGr2fIpEsA/Cc/i3R8="
				},
				"mute-stream": {
					"version": "0.0.6",
					"resolved": "https://registry.npmjs.org/mute-stream/-/mute-stream-0.0.6.tgz",
					"integrity": "sha1-SJYrGeFp/R38JAs/HnMXYnu8R9s="
				},
				"onetime": {
					"version": "1.1.0",
					"resolved": "https://registry.npmjs.org/onetime/-/onetime-1.1.0.tgz",
					"integrity": "sha1-ofeDj4MUxRbwXs78vEzP4EtO14k="
				},
				"pegjs": {
					"version": "0.9.0",
					"resolved": "https://registry.npmjs.org/pegjs/-/pegjs-0.9.0.tgz",
					"integrity": "sha1-9q76LjzlYWkgjlIXnf5B+JFBo2k="
				},
				"restore-cursor": {
					"version": "1.0.1",
					"resolved": "https://registry.npmjs.org/restore-cursor/-/restore-cursor-1.0.1.tgz",
					"integrity": "sha1-NGYfRohjJ/7SmRR5FSJS35LapUE="
				},
				"simple-plist": {
					"version": "0.1.4",
					"resolved": "https://registry.npmjs.org/simple-plist/-/simple-plist-0.1.4.tgz",
					"integrity": "sha1-EOtRtH4zxVbrjsRtXuZNZOcX210="
				},
				"stream-buffers": {
					"version": "0.2.6",
					"resolved": "https://registry.npmjs.org/stream-buffers/-/stream-buffers-0.2.6.tgz",
					"integrity": "sha1-GBwI1bs2kARfaUAbmuanoM8zE/w="
				},
				"tmp": {
					"version": "0.0.29",
					"resolved": "https://registry.npmjs.org/tmp/-/tmp-0.0.29.tgz",
					"integrity": "sha1-8lEl/w3Z2jzLDC3Tce4SiLuRKMA="
				},
				"uuid": {
					"version": "3.0.1",
					"resolved": "https://registry.npmjs.org/uuid/-/uuid-3.0.1.tgz",
					"integrity": "sha1-ZUS7ot/ajBzxfmKaOjBeK7H+5sE="
				},
				"xcode": {
					"version": "0.9.2",
					"resolved": "https://registry.npmjs.org/xcode/-/xcode-0.9.2.tgz",
					"integrity": "sha1-uJaaLXv4tf6vutFivZfeOfFuKQc="
				}
			}
		},
		"react-native-sound": {
			"version": "0.10.3",
			"resolved": "https://registry.npmjs.org/react-native-sound/-/react-native-sound-0.10.3.tgz",
			"integrity": "sha1-D69PEB1GxRMVyR1wF4PAxqTbO/Y="
		},
		"react-test-renderer": {
			"version": "16.0.0-alpha.12",
			"resolved": "https://registry.npmjs.org/react-test-renderer/-/react-test-renderer-16.0.0-alpha.12.tgz",
			"integrity": "sha1-nkzF2M6L/KcneDQN4+FFS51sDMU=",
			"dev": true
		}
	}
}
